// !$*UTF8*$!
{
	archiveVersion = 1;
	classes = {
	};
	objectVersion = 77;
	objects = {

/* Begin PBXBuildFile section */
		8725E2BF2CD505A5001E1604 /* CoraClient in Frameworks */ = {isa = PBXBuildFile; productRef = 8725E2BE2CD505A5001E1604 /* CoraClient */; };
/* End PBXBuildFile section */

/* Begin PBXContainerItemProxy section */
		BEA85F4D2CD27DA900EC01F6 /* PBXContainerItemProxy */ = {
			isa = PBXContainerItemProxy;
			containerPortal = BEA85F2E2CD27DA700EC01F6 /* Project object */;
			proxyType = 1;
			remoteGlobalIDString = BEA85F352CD27DA700EC01F6;
			remoteInfo = BankStatement;
		};
		BEA85F572CD27DA900EC01F6 /* PBXContainerItemProxy */ = {
			isa = PBXContainerItemProxy;
			containerPortal = BEA85F2E2CD27DA700EC01F6 /* Project object */;
			proxyType = 1;
			remoteGlobalIDString = BEA85F352CD27DA700EC01F6;
			remoteInfo = BankStatement;
		};
/* End PBXContainerItemProxy section */

/* Begin PBXFileReference section */
		BEA85F362CD27DA700EC01F6 /* BankStatement.app */ = {isa = PBXFileReference; explicitFileType = wrapper.application; includeInIndex = 0; path = BankStatement.app; sourceTree = BUILT_PRODUCTS_DIR; };
		BEA85F4C2CD27DA900EC01F6 /* BankStatementTests.xctest */ = {isa = PBXFileReference; explicitFileType = wrapper.cfbundle; includeInIndex = 0; path = BankStatementTests.xctest; sourceTree = BUILT_PRODUCTS_DIR; };
		BEA85F562CD27DA900EC01F6 /* BankStatementUITests.xctest */ = {isa = PBXFileReference; explicitFileType = wrapper.cfbundle; includeInIndex = 0; path = BankStatementUITests.xctest; sourceTree = BUILT_PRODUCTS_DIR; };
/* End PBXFileReference section */

/* Begin PBXFileSystemSynchronizedBuildFileExceptionSet section */
		BEA85F5E2CD27DA900EC01F6 /* Exceptions for "BankStatement" folder in "BankStatement" target */ = {
			isa = PBXFileSystemSynchronizedBuildFileExceptionSet;
			membershipExceptions = (
				Root/Info.plist,
			);
			target = BEA85F352CD27DA700EC01F6 /* BankStatement */;
		};
/* End PBXFileSystemSynchronizedBuildFileExceptionSet section */

/* Begin PBXFileSystemSynchronizedRootGroup section */
		BEA85F382CD27DA700EC01F6 /* BankStatement */ = {
			isa = PBXFileSystemSynchronizedRootGroup;
			exceptions = (
				BEA85F5E2CD27DA900EC01F6 /* Exceptions for "BankStatement" folder in "BankStatement" target */,
			);
			path = BankStatement;
			sourceTree = "<group>";
		};
		BEA85F4F2CD27DA900EC01F6 /* BankStatementTests */ = {
			isa = PBXFileSystemSynchronizedRootGroup;
			path = BankStatementTests;
			sourceTree = "<group>";
		};
/* End PBXFileSystemSynchronizedRootGroup section */

/* Begin PBXFrameworksBuildPhase section */
		BEA85F332CD27DA700EC01F6 /* Frameworks */ = {
			isa = PBXFrameworksBuildPhase;
			buildActionMask = 2147483647;
			files = (
				8725E2BF2CD505A5001E1604 /* CoraClient in Frameworks */,
			);
			runOnlyForDeploymentPostprocessing = 0;
		};
		BEA85F492CD27DA900EC01F6 /* Frameworks */ = {
			isa = PBXFrameworksBuildPhase;
			buildActionMask = 2147483647;
			files = (
			);
			runOnlyForDeploymentPostprocessing = 0;
		};
		BEA85F532CD27DA900EC01F6 /* Frameworks */ = {
			isa = PBXFrameworksBuildPhase;
			buildActionMask = 2147483647;
			files = (
			);
			runOnlyForDeploymentPostprocessing = 0;
		};
/* End PBXFrameworksBuildPhase section */

/* Begin PBXGroup section */
		8725E2BD2CD505A5001E1604 /* Frameworks */ = {
			isa = PBXGroup;
			children = (
			);
			name = Frameworks;
			sourceTree = "<group>";
		};
		BEA85F2D2CD27DA700EC01F6 = {
			isa = PBXGroup;
			children = (
				BEA85F382CD27DA700EC01F6 /* BankStatement */,
				BEA85F4F2CD27DA900EC01F6 /* BankStatementTests */,
				8725E2BD2CD505A5001E1604 /* Frameworks */,
				BEA85F372CD27DA700EC01F6 /* Products */,
			);
			sourceTree = "<group>";
		};
		BEA85F372CD27DA700EC01F6 /* Products */ = {
			isa = PBXGroup;
			children = (
				BEA85F362CD27DA700EC01F6 /* BankStatement.app */,
				BEA85F4C2CD27DA900EC01F6 /* BankStatementTests.xctest */,
				BEA85F562CD27DA900EC01F6 /* BankStatementUITests.xctest */,
			);
			name = Products;
			sourceTree = "<group>";
		};
/* End PBXGroup section */

/* Begin PBXNativeTarget section */
		BEA85F352CD27DA700EC01F6 /* BankStatement */ = {
			isa = PBXNativeTarget;
			buildConfigurationList = BEA85F5F2CD27DA900EC01F6 /* Build configuration list for PBXNativeTarget "BankStatement" */;
			buildPhases = (
				BEA85F322CD27DA700EC01F6 /* Sources */,
				BEA85F332CD27DA700EC01F6 /* Frameworks */,
				BEA85F342CD27DA700EC01F6 /* Resources */,
			);
			buildRules = (
			);
			dependencies = (
			);
			fileSystemSynchronizedGroups = (
				BEA85F382CD27DA700EC01F6 /* BankStatement */,
			);
			name = BankStatement;
			packageProductDependencies = (
				8725E2BE2CD505A5001E1604 /* CoraClient */,
			);
			productName = BankStatement;
			productReference = BEA85F362CD27DA700EC01F6 /* BankStatement.app */;
			productType = "com.apple.product-type.application";
		};
		BEA85F4B2CD27DA900EC01F6 /* BankStatementTests */ = {
			isa = PBXNativeTarget;
			buildConfigurationList = BEA85F642CD27DA900EC01F6 /* Build configuration list for PBXNativeTarget "BankStatementTests" */;
			buildPhases = (
				BEA85F482CD27DA900EC01F6 /* Sources */,
				BEA85F492CD27DA900EC01F6 /* Frameworks */,
				BEA85F4A2CD27DA900EC01F6 /* Resources */,
			);
			buildRules = (
			);
			dependencies = (
				BEA85F4E2CD27DA900EC01F6 /* PBXTargetDependency */,
			);
			fileSystemSynchronizedGroups = (
				BEA85F4F2CD27DA900EC01F6 /* BankStatementTests */,
			);
			name = BankStatementTests;
			packageProductDependencies = (
			);
			productName = BankStatementTests;
			productReference = BEA85F4C2CD27DA900EC01F6 /* BankStatementTests.xctest */;
			productType = "com.apple.product-type.bundle.unit-test";
		};
		BEA85F552CD27DA900EC01F6 /* BankStatementUITests */ = {
			isa = PBXNativeTarget;
			buildConfigurationList = BEA85F672CD27DA900EC01F6 /* Build configuration list for PBXNativeTarget "BankStatementUITests" */;
			buildPhases = (
				BEA85F522CD27DA900EC01F6 /* Sources */,
				BEA85F532CD27DA900EC01F6 /* Frameworks */,
				BEA85F542CD27DA900EC01F6 /* Resources */,
			);
			buildRules = (
			);
			dependencies = (
				BEA85F582CD27DA900EC01F6 /* PBXTargetDependency */,
			);
			name = BankStatementUITests;
			packageProductDependencies = (
			);
			productName = BankStatementUITests;
			productReference = BEA85F562CD27DA900EC01F6 /* BankStatementUITests.xctest */;
			productType = "com.apple.product-type.bundle.ui-testing";
		};
/* End PBXNativeTarget section */

/* Begin PBXProject section */
		BEA85F2E2CD27DA700EC01F6 /* Project object */ = {
			isa = PBXProject;
			attributes = {
				BuildIndependentTargetsInParallel = 1;
				LastSwiftUpdateCheck = 1600;
				LastUpgradeCheck = 1600;
				TargetAttributes = {
					BEA85F352CD27DA700EC01F6 = {
						CreatedOnToolsVersion = 16.0;
					};
					BEA85F4B2CD27DA900EC01F6 = {
						CreatedOnToolsVersion = 16.0;
						TestTargetID = BEA85F352CD27DA700EC01F6;
					};
					BEA85F552CD27DA900EC01F6 = {
						CreatedOnToolsVersion = 16.0;
						TestTargetID = BEA85F352CD27DA700EC01F6;
					};
				};
			};
			buildConfigurationList = BEA85F312CD27DA700EC01F6 /* Build configuration list for PBXProject "BankStatement" */;
			developmentRegion = en;
			hasScannedForEncodings = 0;
			knownRegions = (
				en,
				Base,
			);
			mainGroup = BEA85F2D2CD27DA700EC01F6;
			minimizedProjectReferenceProxies = 1;
			packageReferences = (
				8725E2BC2CD5055B001E1604 /* XCLocalSwiftPackageReference "Modules/CoraClient" */,
			);
			preferredProjectObjectVersion = 77;
			productRefGroup = BEA85F372CD27DA700EC01F6 /* Products */;
			projectDirPath = "";
			projectRoot = "";
			targets = (
				BEA85F352CD27DA700EC01F6 /* BankStatement */,
				BEA85F4B2CD27DA900EC01F6 /* BankStatementTests */,
				BEA85F552CD27DA900EC01F6 /* BankStatementUITests */,
			);
		};
/* End PBXProject section */

/* Begin PBXResourcesBuildPhase section */
		BEA85F342CD27DA700EC01F6 /* Resources */ = {
			isa = PBXResourcesBuildPhase;
			buildActionMask = 2147483647;
			files = (
			);
			runOnlyForDeploymentPostprocessing = 0;
		};
		BEA85F4A2CD27DA900EC01F6 /* Resources */ = {
			isa = PBXResourcesBuildPhase;
			buildActionMask = 2147483647;
			files = (
			);
			runOnlyForDeploymentPostprocessing = 0;
		};
		BEA85F542CD27DA900EC01F6 /* Resources */ = {
			isa = PBXResourcesBuildPhase;
			buildActionMask = 2147483647;
			files = (
			);
			runOnlyForDeploymentPostprocessing = 0;
		};
/* End PBXResourcesBuildPhase section */

/* Begin PBXSourcesBuildPhase section */
		BEA85F322CD27DA700EC01F6 /* Sources */ = {
			isa = PBXSourcesBuildPhase;
			buildActionMask = 2147483647;
			files = (
			);
			runOnlyForDeploymentPostprocessing = 0;
		};
		BEA85F482CD27DA900EC01F6 /* Sources */ = {
			isa = PBXSourcesBuildPhase;
			buildActionMask = 2147483647;
			files = (
			);
			runOnlyForDeploymentPostprocessing = 0;
		};
		BEA85F522CD27DA900EC01F6 /* Sources */ = {
			isa = PBXSourcesBuildPhase;
			buildActionMask = 2147483647;
			files = (
			);
			runOnlyForDeploymentPostprocessing = 0;
		};
/* End PBXSourcesBuildPhase section */

/* Begin PBXTargetDependency section */
		BEA85F4E2CD27DA900EC01F6 /* PBXTargetDependency */ = {
			isa = PBXTargetDependency;
			target = BEA85F352CD27DA700EC01F6 /* BankStatement */;
			targetProxy = BEA85F4D2CD27DA900EC01F6 /* PBXContainerItemProxy */;
		};
		BEA85F582CD27DA900EC01F6 /* PBXTargetDependency */ = {
			isa = PBXTargetDependency;
			target = BEA85F352CD27DA700EC01F6 /* BankStatement */;
			targetProxy = BEA85F572CD27DA900EC01F6 /* PBXContainerItemProxy */;
		};
/* End PBXTargetDependency section */

/* Begin XCBuildConfiguration section */
		BEA85F602CD27DA900EC01F6 /* Debug */ = {
			isa = XCBuildConfiguration;
			buildSettings = {
				ASSETCATALOG_COMPILER_APPICON_NAME = AppIcon;
				ASSETCATALOG_COMPILER_GLOBAL_ACCENT_COLOR_NAME = AccentColor;
				CODE_SIGN_STYLE = Automatic;
				CURRENT_PROJECT_VERSION = 1;
				DEVELOPMENT_TEAM = 7Z9QM9X35V;
				GENERATE_INFOPLIST_FILE = YES;
				INFOPLIST_FILE = BankStatement/Root/Info.plist;
				INFOPLIST_KEY_UIApplicationSupportsIndirectInputEvents = YES;
				INFOPLIST_KEY_UILaunchStoryboardName = LaunchScreen;
				INFOPLIST_KEY_UISupportedInterfaceOrientations_iPad = "UIInterfaceOrientationPortrait UIInterfaceOrientationPortraitUpsideDown UIInterfaceOrientationLandscapeLeft UIInterfaceOrientationLandscapeRight";
				INFOPLIST_KEY_UISupportedInterfaceOrientations_iPhone = "UIInterfaceOrientationPortrait UIInterfaceOrientationLandscapeLeft UIInterfaceOrientationLandscapeRight";
				LD_RUNPATH_SEARCH_PATHS = (
					"$(inherited)",
					"@executable_path/Frameworks",
				);
				MARKETING_VERSION = 1.0;
				PRODUCT_BUNDLE_IDENTIFIER = com.corabank.BankStatement;
				PRODUCT_NAME = "$(TARGET_NAME)";
				SWIFT_EMIT_LOC_STRINGS = YES;
				SWIFT_VERSION = 5.0;
				TARGETED_DEVICE_FAMILY = "1,2";
			};
			name = Debug;
		};
		BEA85F612CD27DA900EC01F6 /* Release */ = {
			isa = XCBuildConfiguration;
			buildSettings = {
				ASSETCATALOG_COMPILER_APPICON_NAME = AppIcon;
				ASSETCATALOG_COMPILER_GLOBAL_ACCENT_COLOR_NAME = AccentColor;
				CODE_SIGN_STYLE = Automatic;
				CURRENT_PROJECT_VERSION = 1;
				DEVELOPMENT_TEAM = 7Z9QM9X35V;
				GENERATE_INFOPLIST_FILE = YES;
				INFOPLIST_FILE = BankStatement/Root/Info.plist;
				INFOPLIST_KEY_UIApplicationSupportsIndirectInputEvents = YES;
				INFOPLIST_KEY_UILaunchStoryboardName = LaunchScreen;
				INFOPLIST_KEY_UISupportedInterfaceOrientations_iPad = "UIInterfaceOrientationPortrait UIInterfaceOrientationPortraitUpsideDown UIInterfaceOrientationLandscapeLeft UIInterfaceOrientationLandscapeRight";
				INFOPLIST_KEY_UISupportedInterfaceOrientations_iPhone = "UIInterfaceOrientationPortrait UIInterfaceOrientationLandscapeLeft UIInterfaceOrientationLandscapeRight";
				LD_RUNPATH_SEARCH_PATHS = (
					"$(inherited)",
					"@executable_path/Frameworks",
				);
				MARKETING_VERSION = 1.0;
				PRODUCT_BUNDLE_IDENTIFIER = com.corabank.BankStatement;
				PRODUCT_NAME = "$(TARGET_NAME)";
				SWIFT_EMIT_LOC_STRINGS = YES;
				SWIFT_VERSION = 5.0;
				TARGETED_DEVICE_FAMILY = "1,2";
			};
			name = Release;
		};
		BEA85F622CD27DA900EC01F6 /* Debug */ = {
			isa = XCBuildConfiguration;
			buildSettings = {
				ALWAYS_SEARCH_USER_PATHS = NO;
				ASSETCATALOG_COMPILER_GENERATE_SWIFT_ASSET_SYMBOL_EXTENSIONS = YES;
				CLANG_ANALYZER_NONNULL = YES;
				CLANG_ANALYZER_NUMBER_OBJECT_CONVERSION = YES_AGGRESSIVE;
				CLANG_CXX_LANGUAGE_STANDARD = "gnu++20";
				CLANG_ENABLE_MODULES = YES;
				CLANG_ENABLE_OBJC_ARC = YES;
				CLANG_ENABLE_OBJC_WEAK = YES;
				CLANG_WARN_BLOCK_CAPTURE_AUTORELEASING = YES;
				CLANG_WARN_BOOL_CONVERSION = YES;
				CLANG_WARN_COMMA = YES;
				CLANG_WARN_CONSTANT_CONVERSION = YES;
				CLANG_WARN_DEPRECATED_OBJC_IMPLEMENTATIONS = YES;
				CLANG_WARN_DIRECT_OBJC_ISA_USAGE = YES_ERROR;
				CLANG_WARN_DOCUMENTATION_COMMENTS = YES;
				CLANG_WARN_EMPTY_BODY = YES;
				CLANG_WARN_ENUM_CONVERSION = YES;
				CLANG_WARN_INFINITE_RECURSION = YES;
				CLANG_WARN_INT_CONVERSION = YES;
				CLANG_WARN_NON_LITERAL_NULL_CONVERSION = YES;
				CLANG_WARN_OBJC_IMPLICIT_RETAIN_SELF = YES;
				CLANG_WARN_OBJC_LITERAL_CONVERSION = YES;
				CLANG_WARN_OBJC_ROOT_CLASS = YES_ERROR;
				CLANG_WARN_QUOTED_INCLUDE_IN_FRAMEWORK_HEADER = YES;
				CLANG_WARN_RANGE_LOOP_ANALYSIS = YES;
				CLANG_WARN_STRICT_PROTOTYPES = YES;
				CLANG_WARN_SUSPICIOUS_MOVE = YES;
				CLANG_WARN_UNGUARDED_AVAILABILITY = YES_AGGRESSIVE;
				CLANG_WARN_UNREACHABLE_CODE = YES;
				CLANG_WARN__DUPLICATE_METHOD_MATCH = YES;
				COPY_PHASE_STRIP = NO;
				DEBUG_INFORMATION_FORMAT = dwarf;
				ENABLE_STRICT_OBJC_MSGSEND = YES;
				ENABLE_TESTABILITY = YES;
				ENABLE_USER_SCRIPT_SANDBOXING = YES;
				GCC_C_LANGUAGE_STANDARD = gnu17;
				GCC_DYNAMIC_NO_PIC = NO;
				GCC_NO_COMMON_BLOCKS = YES;
				GCC_OPTIMIZATION_LEVEL = 0;
				GCC_PREPROCESSOR_DEFINITIONS = (
					"DEBUG=1",
					"$(inherited)",
				);
				GCC_WARN_64_TO_32_BIT_CONVERSION = YES;
				GCC_WARN_ABOUT_RETURN_TYPE = YES_ERROR;
				GCC_WARN_UNDECLARED_SELECTOR = YES;
				GCC_WARN_UNINITIALIZED_AUTOS = YES_AGGRESSIVE;
				GCC_WARN_UNUSED_FUNCTION = YES;
				GCC_WARN_UNUSED_VARIABLE = YES;
				IPHONEOS_DEPLOYMENT_TARGET = 18.0;
				LOCALIZATION_PREFERS_STRING_CATALOGS = YES;
				MTL_ENABLE_DEBUG_INFO = INCLUDE_SOURCE;
				MTL_FAST_MATH = YES;
				ONLY_ACTIVE_ARCH = YES;
				SDKROOT = iphoneos;
				SWIFT_ACTIVE_COMPILATION_CONDITIONS = "DEBUG $(inherited)";
				SWIFT_OPTIMIZATION_LEVEL = "-Onone";
			};
			name = Debug;
		};
		BEA85F632CD27DA900EC01F6 /* Release */ = {
			isa = XCBuildConfiguration;
			buildSettings = {
				ALWAYS_SEARCH_USER_PATHS = NO;
				ASSETCATALOG_COMPILER_GENERATE_SWIFT_ASSET_SYMBOL_EXTENSIONS = YES;
				CLANG_ANALYZER_NONNULL = YES;
				CLANG_ANALYZER_NUMBER_OBJECT_CONVERSION = YES_AGGRESSIVE;
				CLANG_CXX_LANGUAGE_STANDARD = "gnu++20";
				CLANG_ENABLE_MODULES = YES;
				CLANG_ENABLE_OBJC_ARC = YES;
				CLANG_ENABLE_OBJC_WEAK = YES;
				CLANG_WARN_BLOCK_CAPTURE_AUTORELEASING = YES;
				CLANG_WARN_BOOL_CONVERSION = YES;
				CLANG_WARN_COMMA = YES;
				CLANG_WARN_CONSTANT_CONVERSION = YES;
				CLANG_WARN_DEPRECATED_OBJC_IMPLEMENTATIONS = YES;
				CLANG_WARN_DIRECT_OBJC_ISA_USAGE = YES_ERROR;
				CLANG_WARN_DOCUMENTATION_COMMENTS = YES;
				CLANG_WARN_EMPTY_BODY = YES;
				CLANG_WARN_ENUM_CONVERSION = YES;
				CLANG_WARN_INFINITE_RECURSION = YES;
				CLANG_WARN_INT_CONVERSION = YES;
				CLANG_WARN_NON_LITERAL_NULL_CONVERSION = YES;
				CLANG_WARN_OBJC_IMPLICIT_RETAIN_SELF = YES;
				CLANG_WARN_OBJC_LITERAL_CONVERSION = YES;
				CLANG_WARN_OBJC_ROOT_CLASS = YES_ERROR;
				CLANG_WARN_QUOTED_INCLUDE_IN_FRAMEWORK_HEADER = YES;
				CLANG_WARN_RANGE_LOOP_ANALYSIS = YES;
				CLANG_WARN_STRICT_PROTOTYPES = YES;
				CLANG_WARN_SUSPICIOUS_MOVE = YES;
				CLANG_WARN_UNGUARDED_AVAILABILITY = YES_AGGRESSIVE;
				CLANG_WARN_UNREACHABLE_CODE = YES;
				CLANG_WARN__DUPLICATE_METHOD_MATCH = YES;
				COPY_PHASE_STRIP = NO;
				DEBUG_INFORMATION_FORMAT = "dwarf-with-dsym";
				ENABLE_NS_ASSERTIONS = NO;
				ENABLE_STRICT_OBJC_MSGSEND = YES;
				ENABLE_USER_SCRIPT_SANDBOXING = YES;
				GCC_C_LANGUAGE_STANDARD = gnu17;
				GCC_NO_COMMON_BLOCKS = YES;
				GCC_WARN_64_TO_32_BIT_CONVERSION = YES;
				GCC_WARN_ABOUT_RETURN_TYPE = YES_ERROR;
				GCC_WARN_UNDECLARED_SELECTOR = YES;
				GCC_WARN_UNINITIALIZED_AUTOS = YES_AGGRESSIVE;
				GCC_WARN_UNUSED_FUNCTION = YES;
				GCC_WARN_UNUSED_VARIABLE = YES;
				IPHONEOS_DEPLOYMENT_TARGET = 18.0;
				LOCALIZATION_PREFERS_STRING_CATALOGS = YES;
				MTL_ENABLE_DEBUG_INFO = NO;
				MTL_FAST_MATH = YES;
				SDKROOT = iphoneos;
				SWIFT_COMPILATION_MODE = wholemodule;
				VALIDATE_PRODUCT = YES;
			};
			name = Release;
		};
		BEA85F652CD27DA900EC01F6 /* Debug */ = {
			isa = XCBuildConfiguration;
			buildSettings = {
				BUNDLE_LOADER = "$(TEST_HOST)";
				CODE_SIGN_STYLE = Automatic;
				CURRENT_PROJECT_VERSION = 1;
				DEVELOPMENT_TEAM = 7Z9QM9X35V;
				GENERATE_INFOPLIST_FILE = YES;
				IPHONEOS_DEPLOYMENT_TARGET = 18.0;
				MARKETING_VERSION = 1.0;
				PRODUCT_BUNDLE_IDENTIFIER = com.corabank.BankStatementTests;
				PRODUCT_NAME = "$(TARGET_NAME)";
				SWIFT_EMIT_LOC_STRINGS = NO;
				SWIFT_VERSION = 5.0;
				TARGETED_DEVICE_FAMILY = "1,2";
				TEST_HOST = "$(BUILT_PRODUCTS_DIR)/BankStatement.app/$(BUNDLE_EXECUTABLE_FOLDER_PATH)/BankStatement";
			};
			name = Debug;
		};
		BEA85F662CD27DA900EC01F6 /* Release */ = {
			isa = XCBuildConfiguration;
			buildSettings = {
				BUNDLE_LOADER = "$(TEST_HOST)";
				CODE_SIGN_STYLE = Automatic;
				CURRENT_PROJECT_VERSION = 1;
				DEVELOPMENT_TEAM = 7Z9QM9X35V;
				GENERATE_INFOPLIST_FILE = YES;
				IPHONEOS_DEPLOYMENT_TARGET = 18.0;
				MARKETING_VERSION = 1.0;
				PRODUCT_BUNDLE_IDENTIFIER = com.corabank.BankStatementTests;
				PRODUCT_NAME = "$(TARGET_NAME)";
				SWIFT_EMIT_LOC_STRINGS = NO;
				SWIFT_VERSION = 5.0;
				TARGETED_DEVICE_FAMILY = "1,2";
				TEST_HOST = "$(BUILT_PRODUCTS_DIR)/BankStatement.app/$(BUNDLE_EXECUTABLE_FOLDER_PATH)/BankStatement";
			};
			name = Release;
		};
		BEA85F682CD27DA900EC01F6 /* Debug */ = {
			isa = XCBuildConfiguration;
			buildSettings = {
				CODE_SIGN_STYLE = Automatic;
				CURRENT_PROJECT_VERSION = 1;
				DEVELOPMENT_TEAM = 7Z9QM9X35V;
				GENERATE_INFOPLIST_FILE = YES;
				MARKETING_VERSION = 1.0;
				PRODUCT_BUNDLE_IDENTIFIER = com.corabank.BankStatementUITests;
				PRODUCT_NAME = "$(TARGET_NAME)";
				SWIFT_EMIT_LOC_STRINGS = NO;
				SWIFT_VERSION = 5.0;
				TARGETED_DEVICE_FAMILY = "1,2";
				TEST_TARGET_NAME = BankStatement;
			};
			name = Debug;
		};
		BEA85F692CD27DA900EC01F6 /* Release */ = {
			isa = XCBuildConfiguration;
			buildSettings = {
				CODE_SIGN_STYLE = Automatic;
				CURRENT_PROJECT_VERSION = 1;
				DEVELOPMENT_TEAM = 7Z9QM9X35V;
				GENERATE_INFOPLIST_FILE = YES;
				MARKETING_VERSION = 1.0;
				PRODUCT_BUNDLE_IDENTIFIER = com.corabank.BankStatementUITests;
				PRODUCT_NAME = "$(TARGET_NAME)";
				SWIFT_EMIT_LOC_STRINGS = NO;
				SWIFT_VERSION = 5.0;
				TARGETED_DEVICE_FAMILY = "1,2";
				TEST_TARGET_NAME = BankStatement;
			};
			name = Release;
		};
/* End XCBuildConfiguration section */

/* Begin XCConfigurationList section */
		BEA85F312CD27DA700EC01F6 /* Build configuration list for PBXProject "BankStatement" */ = {
			isa = XCConfigurationList;
			buildConfigurations = (
				BEA85F622CD27DA900EC01F6 /* Debug */,
				BEA85F632CD27DA900EC01F6 /* Release */,
			);
			defaultConfigurationIsVisible = 0;
			defaultConfigurationName = Release;
		};
		BEA85F5F2CD27DA900EC01F6 /* Build configuration list for PBXNativeTarget "BankStatement" */ = {
			isa = XCConfigurationList;
			buildConfigurations = (
				BEA85F602CD27DA900EC01F6 /* Debug */,
				BEA85F612CD27DA900EC01F6 /* Release */,
			);
			defaultConfigurationIsVisible = 0;
			defaultConfigurationName = Release;
		};
		BEA85F642CD27DA900EC01F6 /* Build configuration list for PBXNativeTarget "BankStatementTests" */ = {
			isa = XCConfigurationList;
			buildConfigurations = (
				BEA85F652CD27DA900EC01F6 /* Debug */,
				BEA85F662CD27DA900EC01F6 /* Release */,
			);
			defaultConfigurationIsVisible = 0;
			defaultConfigurationName = Release;
		};
		BEA85F672CD27DA900EC01F6 /* Build configuration list for PBXNativeTarget "BankStatementUITests" */ = {
			isa = XCConfigurationList;
			buildConfigurations = (
				BEA85F682CD27DA900EC01F6 /* Debug */,
				BEA85F692CD27DA900EC01F6 /* Release */,
			);
			defaultConfigurationIsVisible = 0;
			defaultConfigurationName = Release;
		};
/* End XCConfigurationList section */

/* Begin XCLocalSwiftPackageReference section */
		8725E2BC2CD5055B001E1604 /* XCLocalSwiftPackageReference "Modules/CoraClient" */ = {
			isa = XCLocalSwiftPackageReference;
			relativePath = Modules/CoraClient;
		};
/* End XCLocalSwiftPackageReference section */

/* Begin XCSwiftPackageProductDependency section */
		8725E2BE2CD505A5001E1604 /* CoraClient */ = {
			isa = XCSwiftPackageProductDependency;
			package = 8725E2BC2CD5055B001E1604 /* XCLocalSwiftPackageReference "Modules/CoraClient" */;
			productName = CoraClient;
		};
/* End XCSwiftPackageProductDependency section */
	};
	rootObject = BEA85F2E2CD27DA700EC01F6 /* Project object */;
}
